
Microsoft Visual Studio Solution File, Format Version 12.00
# Visual Studio Version 16
VisualStudioVersion = 16.0.30717.126
MinimumVisualStudioVersion = 10.0.40219.1
Project("{9A19103F-16F7-4668-BE54-9A1E7A4F7556}") = "PetsCatalog", "PetsCatalog\PetsCatalog.csproj", "{72A771D5-EFA1-42AF-89EF-0D8F75A111D1}"
EndProject
Global
	GlobalSection(SolutionConfigurationPlatforms) = preSolution
		Debug|Any CPU = Debug|Any CPU
		Release|Any CPU = Release|Any CPU
	EndGlobalSection
	GlobalSection(ProjectConfigurationPlatforms) = postSolution
		{72A771D5-EFA1-42AF-89EF-0D8F75A111D1}.Debug|Any CPU.ActiveCfg = Debug|Any CPU
		{72A771D5-EFA1-42AF-89EF-0D8F75A111D1}.Debug|Any CPU.Build.0 = Debug|Any CPU
		{72A771D5-EFA1-42AF-89EF-0D8F75A111D1}.Release|Any CPU.ActiveCfg = Release|Any CPU
		{72A771D5-EFA1-42AF-89EF-0D8F75A111D1}.Release|Any CPU.Build.0 = Release|Any CPU
	EndGlobalSection
	GlobalSection(SolutionProperties) = preSolution
		HideSolutionNode = FALSE
	EndGlobalSection
	GlobalSection(ExtensibilityGlobals) = postSolution
		SolutionGuid = {CC854741-0517-4F54-B492-252CEF8C91F0}
	EndGlobalSection
EndGlobal
